// !$*UTF8*$!
{
	archiveVersion = 1;
	classes = {
	};
	objectVersion = 56;
	objects = {

/* Begin PBXBuildFile section */
		082CC85029AAE3F1009F1E27 /* AppDelegate.swift in Sources */ = {isa = PBXBuildFile; fileRef = 082CC84F29AAE3F1009F1E27 /* AppDelegate.swift */; };
		082CC85229AAE3F1009F1E27 /* SceneDelegate.swift in Sources */ = {isa = PBXBuildFile; fileRef = 082CC85129AAE3F1009F1E27 /* SceneDelegate.swift */; };
		082CC85429AAE3F1009F1E27 /* ViewController.swift in Sources */ = {isa = PBXBuildFile; fileRef = 082CC85329AAE3F1009F1E27 /* ViewController.swift */; };
		082CC85729AAE3F1009F1E27 /* Main.storyboard in Resources */ = {isa = PBXBuildFile; fileRef = 082CC85529AAE3F1009F1E27 /* Main.storyboard */; };
		082CC85929AAE3F2009F1E27 /* Assets.xcassets in Resources */ = {isa = PBXBuildFile; fileRef = 082CC85829AAE3F2009F1E27 /* Assets.xcassets */; };
		082CC85C29AAE3F2009F1E27 /* LaunchScreen.storyboard in Resources */ = {isa = PBXBuildFile; fileRef = 082CC85A29AAE3F2009F1E27 /* LaunchScreen.storyboard */; };
		082CC86729AAE3F2009F1E27 /* AppTestesUnitariosTests.swift in Sources */ = {isa = PBXBuildFile; fileRef = 082CC86629AAE3F2009F1E27 /* AppTestesUnitariosTests.swift */; };
		082CC88029AB92B0009F1E27 /* PassoAPassoTDD.swift in Sources */ = {isa = PBXBuildFile; fileRef = 082CC87F29AB92B0009F1E27 /* PassoAPassoTDD.swift */; };
		082CC88229AB946C009F1E27 /* UtilsTests.swift in Sources */ = {isa = PBXBuildFile; fileRef = 082CC88129AB946C009F1E27 /* UtilsTests.swift */; };
		082CC88429AB9575009F1E27 /* Utils.swift in Sources */ = {isa = PBXBuildFile; fileRef = 082CC88329AB9575009F1E27 /* Utils.swift */; };
/* End PBXBuildFile section */

/* Begin PBXContainerItemProxy section */
		082CC86329AAE3F2009F1E27 /* PBXContainerItemProxy */ = {
			isa = PBXContainerItemProxy;
			containerPortal = 082CC84429AAE3F1009F1E27 /* Project object */;
			proxyType = 1;
			remoteGlobalIDString = 082CC84B29AAE3F1009F1E27;
			remoteInfo = AppTestesUnitarios;
		};
/* End PBXContainerItemProxy section */

/* Begin PBXFileReference section */
		082CC84C29AAE3F1009F1E27 /* AppTestesUnitarios.app */ = {isa = PBXFileReference; explicitFileType = wrapper.application; includeInIndex = 0; path = AppTestesUnitarios.app; sourceTree = BUILT_PRODUCTS_DIR; };
		082CC84F29AAE3F1009F1E27 /* AppDelegate.swift */ = {isa = PBXFileReference; lastKnownFileType = sourcecode.swift; path = AppDelegate.swift; sourceTree = "<group>"; };
		082CC85129AAE3F1009F1E27 /* SceneDelegate.swift */ = {isa = PBXFileReference; lastKnownFileType = sourcecode.swift; path = SceneDelegate.swift; sourceTree = "<group>"; };
		082CC85329AAE3F1009F1E27 /* ViewController.swift */ = {isa = PBXFileReference; lastKnownFileType = sourcecode.swift; path = ViewController.swift; sourceTree = "<group>"; };
		082CC85629AAE3F1009F1E27 /* Base */ = {isa = PBXFileReference; lastKnownFileType = file.storyboard; name = Base; path = Base.lproj/Main.storyboard; sourceTree = "<group>"; };
		082CC85829AAE3F2009F1E27 /* Assets.xcassets */ = {isa = PBXFileReference; lastKnownFileType = folder.assetcatalog; path = Assets.xcassets; sourceTree = "<group>"; };
		082CC85B29AAE3F2009F1E27 /* Base */ = {isa = PBXFileReference; lastKnownFileType = file.storyboard; name = Base; path = Base.lproj/LaunchScreen.storyboard; sourceTree = "<group>"; };
		082CC85D29AAE3F2009F1E27 /* Info.plist */ = {isa = PBXFileReference; lastKnownFileType = text.plist.xml; path = Info.plist; sourceTree = "<group>"; };
		082CC86229AAE3F2009F1E27 /* AppTestesUnitariosTests.xctest */ = {isa = PBXFileReference; explicitFileType = wrapper.cfbundle; includeInIndex = 0; path = AppTestesUnitariosTests.xctest; sourceTree = BUILT_PRODUCTS_DIR; };
		082CC86629AAE3F2009F1E27 /* AppTestesUnitariosTests.swift */ = {isa = PBXFileReference; lastKnownFileType = sourcecode.swift; path = AppTestesUnitariosTests.swift; sourceTree = "<group>"; };
		082CC87F29AB92B0009F1E27 /* PassoAPassoTDD.swift */ = {isa = PBXFileReference; lastKnownFileType = sourcecode.swift; path = PassoAPassoTDD.swift; sourceTree = "<group>"; };
		082CC88129AB946C009F1E27 /* UtilsTests.swift */ = {isa = PBXFileReference; lastKnownFileType = sourcecode.swift; path = UtilsTests.swift; sourceTree = "<group>"; };
		082CC88329AB9575009F1E27 /* Utils.swift */ = {isa = PBXFileReference; lastKnownFileType = sourcecode.swift; path = Utils.swift; sourceTree = "<group>"; };
/* End PBXFileReference section */

/* Begin PBXFrameworksBuildPhase section */
		082CC84929AAE3F1009F1E27 /* Frameworks */ = {
			isa = PBXFrameworksBuildPhase;
			buildActionMask = 2147483647;
			files = (
			);
			runOnlyForDeploymentPostprocessing = 0;
		};
		082CC85F29AAE3F2009F1E27 /* Frameworks */ = {
			isa = PBXFrameworksBuildPhase;
			buildActionMask = 2147483647;
			files = (
			);
			runOnlyForDeploymentPostprocessing = 0;
		};
/* End PBXFrameworksBuildPhase section */

/* Begin PBXGroup section */
		082CC84329AAE3F1009F1E27 = {
			isa = PBXGroup;
			children = (
				082CC84E29AAE3F1009F1E27 /* AppTestesUnitarios */,
				082CC86529AAE3F2009F1E27 /* AppTestesUnitariosTests */,
				082CC84D29AAE3F1009F1E27 /* Products */,
			);
			sourceTree = "<group>";
		};
		082CC84D29AAE3F1009F1E27 /* Products */ = {
			isa = PBXGroup;
			children = (
				082CC84C29AAE3F1009F1E27 /* AppTestesUnitarios.app */,
				082CC86229AAE3F2009F1E27 /* AppTestesUnitariosTests.xctest */,
			);
			name = Products;
			sourceTree = "<group>";
		};
		082CC84E29AAE3F1009F1E27 /* AppTestesUnitarios */ = {
			isa = PBXGroup;
			children = (
				082CC84F29AAE3F1009F1E27 /* AppDelegate.swift */,
				082CC85129AAE3F1009F1E27 /* SceneDelegate.swift */,
				082CC85329AAE3F1009F1E27 /* ViewController.swift */,
				082CC85529AAE3F1009F1E27 /* Main.storyboard */,
				082CC85829AAE3F2009F1E27 /* Assets.xcassets */,
				082CC85A29AAE3F2009F1E27 /* LaunchScreen.storyboard */,
				082CC85D29AAE3F2009F1E27 /* Info.plist */,
				082CC87F29AB92B0009F1E27 /* PassoAPassoTDD.swift */,
				082CC88329AB9575009F1E27 /* Utils.swift */,
			);
			path = AppTestesUnitarios;
			sourceTree = "<group>";
		};
		082CC86529AAE3F2009F1E27 /* AppTestesUnitariosTests */ = {
			isa = PBXGroup;
			children = (
				082CC86629AAE3F2009F1E27 /* AppTestesUnitariosTests.swift */,
				082CC88129AB946C009F1E27 /* UtilsTests.swift */,
			);
			path = AppTestesUnitariosTests;
			sourceTree = "<group>";
		};
/* End PBXGroup section */

/* Begin PBXNativeTarget section */
		082CC84B29AAE3F1009F1E27 /* AppTestesUnitarios */ = {
			isa = PBXNativeTarget;
			buildConfigurationList = 082CC87629AAE3F2009F1E27 /* Build configuration list for PBXNativeTarget "AppTestesUnitarios" */;
			buildPhases = (
				082CC84829AAE3F1009F1E27 /* Sources */,
				082CC84929AAE3F1009F1E27 /* Frameworks */,
				082CC84A29AAE3F1009F1E27 /* Resources */,
			);
			buildRules = (
			);
			dependencies = (
			);
			name = AppTestesUnitarios;
			productName = AppTestesUnitarios;
			productReference = 082CC84C29AAE3F1009F1E27 /* AppTestesUnitarios.app */;
			productType = "com.apple.product-type.application";
		};
		082CC86129AAE3F2009F1E27 /* AppTestesUnitariosTests */ = {
			isa = PBXNativeTarget;
			buildConfigurationList = 082CC87929AAE3F2009F1E27 /* Build configuration list for PBXNativeTarget "AppTestesUnitariosTests" */;
			buildPhases = (
				082CC85E29AAE3F2009F1E27 /* Sources */,
				082CC85F29AAE3F2009F1E27 /* Frameworks */,
				082CC86029AAE3F2009F1E27 /* Resources */,
			);
			buildRules = (
			);
			dependencies = (
				082CC86429AAE3F2009F1E27 /* PBXTargetDependency */,
			);
			name = AppTestesUnitariosTests;
			productName = AppTestesUnitariosTests;
			productReference = 082CC86229AAE3F2009F1E27 /* AppTestesUnitariosTests.xctest */;
			productType = "com.apple.product-type.bundle.unit-test";
		};
/* End PBXNativeTarget section */

/* Begin PBXProject section */
		082CC84429AAE3F1009F1E27 /* Project object */ = {
			isa = PBXProject;
			attributes = {
				BuildIndependentTargetsInParallel = 1;
				LastSwiftUpdateCheck = 1420;
				LastUpgradeCheck = 1420;
				TargetAttributes = {
					082CC84B29AAE3F1009F1E27 = {
						CreatedOnToolsVersion = 14.2;
					};
					082CC86129AAE3F2009F1E27 = {
						CreatedOnToolsVersion = 14.2;
						TestTargetID = 082CC84B29AAE3F1009F1E27;
					};
				};
			};
			buildConfigurationList = 082CC84729AAE3F1009F1E27 /* Build configuration list for PBXProject "AppTestesUnitarios" */;
			compatibilityVersion = "Xcode 14.0";
			developmentRegion = en;
			hasScannedForEncodings = 0;
			knownRegions = (
				en,
				Base,
			);
			mainGroup = 082CC84329AAE3F1009F1E27;
			productRefGroup = 082CC84D29AAE3F1009F1E27 /* Products */;
			projectDirPath = "";
			projectRoot = "";
			targets = (
				082CC84B29AAE3F1009F1E27 /* AppTestesUnitarios */,
				082CC86129AAE3F2009F1E27 /* AppTestesUnitariosTests */,
			);
		};
/* End PBXProject section */

/* Begin PBXResourcesBuildPhase section */
		082CC84A29AAE3F1009F1E27 /* Resources */ = {
			isa = PBXResourcesBuildPhase;
			buildActionMask = 2147483647;
			files = (
				082CC85C29AAE3F2009F1E27 /* LaunchScreen.storyboard in Resources */,
				082CC85929AAE3F2009F1E27 /* Assets.xcassets in Resources */,
				082CC85729AAE3F1009F1E27 /* Main.storyboard in Resources */,
			);
			runOnlyForDeploymentPostprocessing = 0;
		};
		082CC86029AAE3F2009F1E27 /* Resources */ = {
			isa = PBXResourcesBuildPhase;
			buildActionMask = 2147483647;
			files = (
			);
			runOnlyForDeploymentPostprocessing = 0;
		};
/* End PBXResourcesBuildPhase section */

/* Begin PBXSourcesBuildPhase section */
		082CC84829AAE3F1009F1E27 /* Sources */ = {
			isa = PBXSourcesBuildPhase;
			buildActionMask = 2147483647;
			files = (
				082CC88429AB9575009F1E27 /* Utils.swift in Sources */,
				082CC88029AB92B0009F1E27 /* PassoAPassoTDD.swift in Sources */,
				082CC85429AAE3F1009F1E27 /* ViewController.swift in Sources */,
				082CC85029AAE3F1009F1E27 /* AppDelegate.swift in Sources */,
				082CC85229AAE3F1009F1E27 /* SceneDelegate.swift in Sources */,
			);
			runOnlyForDeploymentPostprocessing = 0;
		};
		082CC85E29AAE3F2009F1E27 /* Sources */ = {
			isa = PBXSourcesBuildPhase;
			buildActionMask = 2147483647;
			files = (
				082CC86729AAE3F2009F1E27 /* AppTestesUnitariosTests.swift in Sources */,
				082CC88229AB946C009F1E27 /* UtilsTests.swift in Sources */,
			);
			runOnlyForDeploymentPostprocessing = 0;
		};
/* End PBXSourcesBuildPhase section */

/* Begin PBXTargetDependency section */
		082CC86429AAE3F2009F1E27 /* PBXTargetDependency */ = {
			isa = PBXTargetDependency;
			target = 082CC84B29AAE3F1009F1E27 /* AppTestesUnitarios */;
			targetProxy = 082CC86329AAE3F2009F1E27 /* PBXContainerItemProxy */;
		};
/* End PBXTargetDependency section */

/* Begin PBXVariantGroup section */
		082CC85529AAE3F1009F1E27 /* Main.storyboard */ = {
			isa = PBXVariantGroup;
			children = (
				082CC85629AAE3F1009F1E27 /* Base */,
			);
			name = Main.storyboard;
			sourceTree = "<group>";
		};
		082CC85A29AAE3F2009F1E27 /* LaunchScreen.storyboard */ = {
			isa = PBXVariantGroup;
			children = (
				082CC85B29AAE3F2009F1E27 /* Base */,
			);
			name = LaunchScreen.storyboard;
			sourceTree = "<group>";
		};
/* End PBXVariantGroup section */

/* Begin XCBuildConfiguration section */
		082CC87429AAE3F2009F1E27 /* Debug */ = {
			isa = XCBuildConfiguration;
			buildSettings = {
				ALWAYS_SEARCH_USER_PATHS = NO;
				CLANG_ANALYZER_NONNULL = YES;
				CLANG_ANALYZER_NUMBER_OBJECT_CONVERSION = YES_AGGRESSIVE;
				CLANG_CXX_LANGUAGE_STANDARD = "gnu++20";
				CLANG_ENABLE_MODULES = YES;
				CLANG_ENABLE_OBJC_ARC = YES;
				CLANG_ENABLE_OBJC_WEAK = YES;
				CLANG_WARN_BLOCK_CAPTURE_AUTORELEASING = YES;
				CLANG_WARN_BOOL_CONVERSION = YES;
				CLANG_WARN_COMMA = YES;
				CLANG_WARN_CONSTANT_CONVERSION = YES;
				CLANG_WARN_DEPRECATED_OBJC_IMPLEMENTATIONS = YES;
				CLANG_WARN_DIRECT_OBJC_ISA_USAGE = YES_ERROR;
				CLANG_WARN_DOCUMENTATION_COMMENTS = YES;
				CLANG_WARN_EMPTY_BODY = YES;
				CLANG_WARN_ENUM_CONVERSION = YES;
				CLANG_WARN_INFINITE_RECURSION = YES;
				CLANG_WARN_INT_CONVERSION = YES;
				CLANG_WARN_NON_LITERAL_NULL_CONVERSION = YES;
				CLANG_WARN_OBJC_IMPLICIT_RETAIN_SELF = YES;
				CLANG_WARN_OBJC_LITERAL_CONVERSION = YES;
				CLANG_WARN_OBJC_ROOT_CLASS = YES_ERROR;
				CLANG_WARN_QUOTED_INCLUDE_IN_FRAMEWORK_HEADER = YES;
				CLANG_WARN_RANGE_LOOP_ANALYSIS = YES;
				CLANG_WARN_STRICT_PROTOTYPES = YES;
				CLANG_WARN_SUSPICIOUS_MOVE = YES;
				CLANG_WARN_UNGUARDED_AVAILABILITY = YES_AGGRESSIVE;
				CLANG_WARN_UNREACHABLE_CODE = YES;
				CLANG_WARN__DUPLICATE_METHOD_MATCH = YES;
				COPY_PHASE_STRIP = NO;
				DEBUG_INFORMATION_FORMAT = dwarf;
				ENABLE_STRICT_OBJC_MSGSEND = YES;
				ENABLE_TESTABILITY = YES;
				GCC_C_LANGUAGE_STANDARD = gnu11;
				GCC_DYNAMIC_NO_PIC = NO;
				GCC_NO_COMMON_BLOCKS = YES;
				GCC_OPTIMIZATION_LEVEL = 0;
				GCC_PREPROCESSOR_DEFINITIONS = (
					"DEBUG=1",
					"$(inherited)",
				);
				GCC_WARN_64_TO_32_BIT_CONVERSION = YES;
				GCC_WARN_ABOUT_RETURN_TYPE = YES_ERROR;
				GCC_WARN_UNDECLARED_SELECTOR = YES;
				GCC_WARN_UNINITIALIZED_AUTOS = YES_AGGRESSIVE;
				GCC_WARN_UNUSED_FUNCTION = YES;
				GCC_WARN_UNUSED_VARIABLE = YES;
				IPHONEOS_DEPLOYMENT_TARGET = 16.2;
				MTL_ENABLE_DEBUG_INFO = INCLUDE_SOURCE;
				MTL_FAST_MATH = YES;
				ONLY_ACTIVE_ARCH = YES;
				SDKROOT = iphoneos;
				SWIFT_ACTIVE_COMPILATION_CONDITIONS = DEBUG;
				SWIFT_OPTIMIZATION_LEVEL = "-Onone";
			};
			name = Debug;
		};
		082CC87529AAE3F2009F1E27 /* Release */ = {
			isa = XCBuildConfiguration;
			buildSettings = {
				ALWAYS_SEARCH_USER_PATHS = NO;
				CLANG_ANALYZER_NONNULL = YES;
				CLANG_ANALYZER_NUMBER_OBJECT_CONVERSION = YES_AGGRESSIVE;
				CLANG_CXX_LANGUAGE_STANDARD = "gnu++20";
				CLANG_ENABLE_MODULES = YES;
				CLANG_ENABLE_OBJC_ARC = YES;
				CLANG_ENABLE_OBJC_WEAK = YES;
				CLANG_WARN_BLOCK_CAPTURE_AUTORELEASING = YES;
				CLANG_WARN_BOOL_CONVERSION = YES;
				CLANG_WARN_COMMA = YES;
				CLANG_WARN_CONSTANT_CONVERSION = YES;
				CLANG_WARN_DEPRECATED_OBJC_IMPLEMENTATIONS = YES;
				CLANG_WARN_DIRECT_OBJC_ISA_USAGE = YES_ERROR;
				CLANG_WARN_DOCUMENTATION_COMMENTS = YES;
				CLANG_WARN_EMPTY_BODY = YES;
				CLANG_WARN_ENUM_CONVERSION = YES;
				CLANG_WARN_INFINITE_RECURSION = YES;
				CLANG_WARN_INT_CONVERSION = YES;
				CLANG_WARN_NON_LITERAL_NULL_CONVERSION = YES;
				CLANG_WARN_OBJC_IMPLICIT_RETAIN_SELF = YES;
				CLANG_WARN_OBJC_LITERAL_CONVERSION = YES;
				CLANG_WARN_OBJC_ROOT_CLASS = YES_ERROR;
				CLANG_WARN_QUOTED_INCLUDE_IN_FRAMEWORK_HEADER = YES;
				CLANG_WARN_RANGE_LOOP_ANALYSIS = YES;
				CLANG_WARN_STRICT_PROTOTYPES = YES;
				CLANG_WARN_SUSPICIOUS_MOVE = YES;
				CLANG_WARN_UNGUARDED_AVAILABILITY = YES_AGGRESSIVE;
				CLANG_WARN_UNREACHABLE_CODE = YES;
				CLANG_WARN__DUPLICATE_METHOD_MATCH = YES;
				COPY_PHASE_STRIP = NO;
				DEBUG_INFORMATION_FORMAT = "dwarf-with-dsym";
				ENABLE_NS_ASSERTIONS = NO;
				ENABLE_STRICT_OBJC_MSGSEND = YES;
				GCC_C_LANGUAGE_STANDARD = gnu11;
				GCC_NO_COMMON_BLOCKS = YES;
				GCC_WARN_64_TO_32_BIT_CONVERSION = YES;
				GCC_WARN_ABOUT_RETURN_TYPE = YES_ERROR;
				GCC_WARN_UNDECLARED_SELECTOR = YES;
				GCC_WARN_UNINITIALIZED_AUTOS = YES_AGGRESSIVE;
				GCC_WARN_UNUSED_FUNCTION = YES;
				GCC_WARN_UNUSED_VARIABLE = YES;
				IPHONEOS_DEPLOYMENT_TARGET = 16.2;
				MTL_ENABLE_DEBUG_INFO = NO;
				MTL_FAST_MATH = YES;
				SDKROOT = iphoneos;
				SWIFT_COMPILATION_MODE = wholemodule;
				SWIFT_OPTIMIZATION_LEVEL = "-O";
				VALIDATE_PRODUCT = YES;
			};
			name = Release;
		};
		082CC87729AAE3F2009F1E27 /* Debug */ = {
			isa = XCBuildConfiguration;
			buildSettings = {
				ASSETCATALOG_COMPILER_APPICON_NAME = AppIcon;
				ASSETCATALOG_COMPILER_GLOBAL_ACCENT_COLOR_NAME = AccentColor;
				CODE_SIGN_STYLE = Automatic;
				CURRENT_PROJECT_VERSION = 1;
				DEVELOPMENT_TEAM = TQJ8B2DX6J;
				GENERATE_INFOPLIST_FILE = YES;
				INFOPLIST_FILE = AppTestesUnitarios/Info.plist;
				INFOPLIST_KEY_UIApplicationSupportsIndirectInputEvents = YES;
				INFOPLIST_KEY_UILaunchStoryboardName = LaunchScreen;
				INFOPLIST_KEY_UIMainStoryboardFile = Main;
				INFOPLIST_KEY_UISupportedInterfaceOrientations_iPad = "UIInterfaceOrientationPortrait UIInterfaceOrientationPortraitUpsideDown UIInterfaceOrientationLandscapeLeft UIInterfaceOrientationLandscapeRight";
				INFOPLIST_KEY_UISupportedInterfaceOrientations_iPhone = "UIInterfaceOrientationPortrait UIInterfaceOrientationLandscapeLeft UIInterfaceOrientationLandscapeRight";
				LD_RUNPATH_SEARCH_PATHS = (
					"$(inherited)",
					"@executable_path/Frameworks",
				);
				MARKETING_VERSION = 1.0;
				PRODUCT_BUNDLE_IDENTIFIER = br.com.davicapistrano.AppTestesUnitarios;
				PRODUCT_NAME = "$(TARGET_NAME)";
				SWIFT_EMIT_LOC_STRINGS = YES;
				SWIFT_VERSION = 5.0;
				TARGETED_DEVICE_FAMILY = "1,2";
			};
			name = Debug;
		};
		082CC87829AAE3F2009F1E27 /* Release */ = {
			isa = XCBuildConfiguration;
			buildSettings = {
				ASSETCATALOG_COMPILER_APPICON_NAME = AppIcon;
				ASSETCATALOG_COMPILER_GLOBAL_ACCENT_COLOR_NAME = AccentColor;
				CODE_SIGN_STYLE = Automatic;
				CURRENT_PROJECT_VERSION = 1;
				DEVELOPMENT_TEAM = TQJ8B2DX6J;
				GENERATE_INFOPLIST_FILE = YES;
				INFOPLIST_FILE = AppTestesUnitarios/Info.plist;
				INFOPLIST_KEY_UIApplicationSupportsIndirectInputEvents = YES;
				INFOPLIST_KEY_UILaunchStoryboardName = LaunchScreen;
				INFOPLIST_KEY_UIMainStoryboardFile = Main;
				INFOPLIST_KEY_UISupportedInterfaceOrientations_iPad = "UIInterfaceOrientationPortrait UIInterfaceOrientationPortraitUpsideDown UIInterfaceOrientationLandscapeLeft UIInterfaceOrientationLandscapeRight";
				INFOPLIST_KEY_UISupportedInterfaceOrientations_iPhone = "UIInterfaceOrientationPortrait UIInterfaceOrientationLandscapeLeft UIInterfaceOrientationLandscapeRight";
				LD_RUNPATH_SEARCH_PATHS = (
					"$(inherited)",
					"@executable_path/Frameworks",
				);
				MARKETING_VERSION = 1.0;
				PRODUCT_BUNDLE_IDENTIFIER = br.com.davicapistrano.AppTestesUnitarios;
				PRODUCT_NAME = "$(TARGET_NAME)";
				SWIFT_EMIT_LOC_STRINGS = YES;
				SWIFT_VERSION = 5.0;
				TARGETED_DEVICE_FAMILY = "1,2";
			};
			name = Release;
		};
		082CC87A29AAE3F2009F1E27 /* Debug */ = {
			isa = XCBuildConfiguration;
			buildSettings = {
				ALWAYS_EMBED_SWIFT_STANDARD_LIBRARIES = YES;
				BUNDLE_LOADER = "$(TEST_HOST)";
				CODE_SIGN_STYLE = Automatic;
				CURRENT_PROJECT_VERSION = 1;
				DEVELOPMENT_TEAM = TQJ8B2DX6J;
				GENERATE_INFOPLIST_FILE = YES;
				IPHONEOS_DEPLOYMENT_TARGET = 16.2;
				MARKETING_VERSION = 1.0;
				PRODUCT_BUNDLE_IDENTIFIER = br.com.davicapistrano.AppTestesUnitariosTests;
				PRODUCT_NAME = "$(TARGET_NAME)";
				SWIFT_EMIT_LOC_STRINGS = NO;
				SWIFT_VERSION = 5.0;
				TARGETED_DEVICE_FAMILY = "1,2";
				TEST_HOST = "$(BUILT_PRODUCTS_DIR)/AppTestesUnitarios.app/$(BUNDLE_EXECUTABLE_FOLDER_PATH)/AppTestesUnitarios";
			};
			name = Debug;
		};
		082CC87B29AAE3F2009F1E27 /* Release */ = {
			isa = XCBuildConfiguration;
			buildSettings = {
				ALWAYS_EMBED_SWIFT_STANDARD_LIBRARIES = YES;
				BUNDLE_LOADER = "$(TEST_HOST)";
				CODE_SIGN_STYLE = Automatic;
				CURRENT_PROJECT_VERSION = 1;
				DEVELOPMENT_TEAM = TQJ8B2DX6J;
				GENERATE_INFOPLIST_FILE = YES;
				IPHONEOS_DEPLOYMENT_TARGET = 16.2;
				MARKETING_VERSION = 1.0;
				PRODUCT_BUNDLE_IDENTIFIER = br.com.davicapistrano.AppTestesUnitariosTests;
				PRODUCT_NAME = "$(TARGET_NAME)";
				SWIFT_EMIT_LOC_STRINGS = NO;
				SWIFT_VERSION = 5.0;
				TARGETED_DEVICE_FAMILY = "1,2";
				TEST_HOST = "$(BUILT_PRODUCTS_DIR)/AppTestesUnitarios.app/$(BUNDLE_EXECUTABLE_FOLDER_PATH)/AppTestesUnitarios";
			};
			name = Release;
		};
/* End XCBuildConfiguration section */

/* Begin XCConfigurationList section */
		082CC84729AAE3F1009F1E27 /* Build configuration list for PBXProject "AppTestesUnitarios" */ = {
			isa = XCConfigurationList;
			buildConfigurations = (
				082CC87429AAE3F2009F1E27 /* Debug */,
				082CC87529AAE3F2009F1E27 /* Release */,
			);
			defaultConfigurationIsVisible = 0;
			defaultConfigurationName = Release;
		};
		082CC87629AAE3F2009F1E27 /* Build configuration list for PBXNativeTarget "AppTestesUnitarios" */ = {
			isa = XCConfigurationList;
			buildConfigurations = (
				082CC87729AAE3F2009F1E27 /* Debug */,
				082CC87829AAE3F2009F1E27 /* Release */,
			);
			defaultConfigurationIsVisible = 0;
			defaultConfigurationName = Release;
		};
		082CC87929AAE3F2009F1E27 /* Build configuration list for PBXNativeTarget "AppTestesUnitariosTests" */ = {
			isa = XCConfigurationList;
			buildConfigurations = (
				082CC87A29AAE3F2009F1E27 /* Debug */,
				082CC87B29AAE3F2009F1E27 /* Release */,
			);
			defaultConfigurationIsVisible = 0;
			defaultConfigurationName = Release;
		};
/* End XCConfigurationList section */
	};
	rootObject = 082CC84429AAE3F1009F1E27 /* Project object */;
}
